Microsoft Visual Studio Solution File, Format Version 12.00
# Visual Studio Version 17
VisualStudioVersion = 17.5.2.0
MinimumVisualStudioVersion = 10.0.40219.1
Project("{FAE04EC0-301F-11D3-BF4B-00C04F79EFBC}") = "Assembly-CSharp-Editor", "Invernadero2\Assembly-CSharp-Editor.csproj", "{6086FDF0-2810-F232-B2EA-46A69345DAC4}"
EndProject
Project("{FAE04EC0-301F-11D3-BF4B-00C04F79EFBC}") = "Assembly-CSharp", "Invernadero2\Assembly-CSharp.csproj", "{80017C99-7100-7C71-0CD1-DA289709D8B5}"
EndProject
Global
	GlobalSection(SolutionConfigurationPlatforms) = preSolution
		Debug|Any CPU = Debug|Any CPU
		Release|Any CPU = Release|Any CPU
	EndGlobalSection
	GlobalSection(ProjectConfigurationPlatforms) = postSolution
		{6086FDF0-2810-F232-B2EA-46A69345DAC4}.Debug|Any CPU.ActiveCfg = Debug|Any CPU
		{6086FDF0-2810-F232-B2EA-46A69345DAC4}.Debug|Any CPU.Build.0 = Debug|Any CPU
		{6086FDF0-2810-F232-B2EA-46A69345DAC4}.Release|Any CPU.ActiveCfg = Release|Any CPU
		{6086FDF0-2810-F232-B2EA-46A69345DAC4}.Release|Any CPU.Build.0 = Release|Any CPU
		{80017C99-7100-7C71-0CD1-DA289709D8B5}.Debug|Any CPU.ActiveCfg = Debug|Any CPU
		{80017C99-7100-7C71-0CD1-DA289709D8B5}.Debug|Any CPU.Build.0 = Debug|Any CPU
		{80017C99-7100-7C71-0CD1-DA289709D8B5}.Release|Any CPU.ActiveCfg = Release|Any CPU
		{80017C99-7100-7C71-0CD1-DA289709D8B5}.Release|Any CPU.Build.0 = Release|Any CPU
	EndGlobalSection
	GlobalSection(SolutionProperties) = preSolution
		HideSolutionNode = FALSE
	EndGlobalSection
	GlobalSection(ExtensibilityGlobals) = postSolution
		SolutionGuid = {37619BD1-2D28-4615-96EF-729F2443EFB0}
	EndGlobalSection
EndGlobal
